// !$*UTF8*$!
{
	archiveVersion = 1;
	classes = {
	};
	objectVersion = 50;
	objects = {

/* Begin PBXBuildFile section */
		4E37B7BE239AB17800087E03 /* Webservice.swift in Sources */ = {isa = PBXBuildFile; fileRef = 4E37B7BD239AB17800087E03 /* Webservice.swift */; };
		4E37B7C1239AB33D00087E03 /* URL+Extensions.swift in Sources */ = {isa = PBXBuildFile; fileRef = 4E37B7C0239AB33D00087E03 /* URL+Extensions.swift */; };
		4E37B7C5239ABEA300087E03 /* Article.swift in Sources */ = {isa = PBXBuildFile; fileRef = 4E37B7C4239ABEA300087E03 /* Article.swift */; };
		4E37B7C7239AC6D000087E03 /* ArticleViewModel.swift in Sources */ = {isa = PBXBuildFile; fileRef = 4E37B7C6239AC6D000087E03 /* ArticleViewModel.swift */; };
		4E37B7C9239AC9D400087E03 /* ArticleListViewController.swift in Sources */ = {isa = PBXBuildFile; fileRef = 4E37B7C8239AC9D400087E03 /* ArticleListViewController.swift */; };
		4E37B7CB239ACA7200087E03 /* ArticleListViewModel.swift in Sources */ = {isa = PBXBuildFile; fileRef = 4E37B7CA239ACA7200087E03 /* ArticleListViewModel.swift */; };
		4E37B7CD239ACCE700087E03 /* ArticleService.swift in Sources */ = {isa = PBXBuildFile; fileRef = 4E37B7CC239ACCE700087E03 /* ArticleService.swift */; };
		4E37B7D0239AD76800087E03 /* ArticleCell.swift in Sources */ = {isa = PBXBuildFile; fileRef = 4E37B7CF239AD76800087E03 /* ArticleCell.swift */; };
		4E37B7D3239AE65D00087E03 /* ArticleDetailViewController.swift in Sources */ = {isa = PBXBuildFile; fileRef = 4E37B7D2239AE65D00087E03 /* ArticleDetailViewController.swift */; };
		4E37B7D5239AE67E00087E03 /* ArticleDetailViewModel.swift in Sources */ = {isa = PBXBuildFile; fileRef = 4E37B7D4239AE67E00087E03 /* ArticleDetailViewModel.swift */; };
		4E53C37E239A0908008A28D8 /* AppDelegate.swift in Sources */ = {isa = PBXBuildFile; fileRef = 4E53C37D239A0908008A28D8 /* AppDelegate.swift */; };
		4E53C380239A0908008A28D8 /* SceneDelegate.swift in Sources */ = {isa = PBXBuildFile; fileRef = 4E53C37F239A0908008A28D8 /* SceneDelegate.swift */; };
		4E53C385239A0908008A28D8 /* Main.storyboard in Resources */ = {isa = PBXBuildFile; fileRef = 4E53C383239A0908008A28D8 /* Main.storyboard */; };
		4E53C387239A090E008A28D8 /* Assets.xcassets in Resources */ = {isa = PBXBuildFile; fileRef = 4E53C386239A090E008A28D8 /* Assets.xcassets */; };
		4E53C38A239A090E008A28D8 /* LaunchScreen.storyboard in Resources */ = {isa = PBXBuildFile; fileRef = 4E53C388239A090E008A28D8 /* LaunchScreen.storyboard */; };
		4E53C395239A090E008A28D8 /* XebiaTestTests.swift in Sources */ = {isa = PBXBuildFile; fileRef = 4E53C394239A090E008A28D8 /* XebiaTestTests.swift */; };
		4E53C3A0239A090E008A28D8 /* XebiaTestUITests.swift in Sources */ = {isa = PBXBuildFile; fileRef = 4E53C39F239A090E008A28D8 /* XebiaTestUITests.swift */; };
/* End PBXBuildFile section */

/* Begin PBXContainerItemProxy section */
		4E53C391239A090E008A28D8 /* PBXContainerItemProxy */ = {
			isa = PBXContainerItemProxy;
			containerPortal = 4E53C372239A0907008A28D8 /* Project object */;
			proxyType = 1;
			remoteGlobalIDString = 4E53C379239A0907008A28D8;
			remoteInfo = XebiaTest;
		};
		4E53C39C239A090E008A28D8 /* PBXContainerItemProxy */ = {
			isa = PBXContainerItemProxy;
			containerPortal = 4E53C372239A0907008A28D8 /* Project object */;
			proxyType = 1;
			remoteGlobalIDString = 4E53C379239A0907008A28D8;
			remoteInfo = XebiaTest;
		};
/* End PBXContainerItemProxy section */

/* Begin PBXFileReference section */
		4E37B7BD239AB17800087E03 /* Webservice.swift */ = {isa = PBXFileReference; lastKnownFileType = sourcecode.swift; path = Webservice.swift; sourceTree = "<group>"; };
		4E37B7C0239AB33D00087E03 /* URL+Extensions.swift */ = {isa = PBXFileReference; lastKnownFileType = sourcecode.swift; path = "URL+Extensions.swift"; sourceTree = "<group>"; };
		4E37B7C4239ABEA300087E03 /* Article.swift */ = {isa = PBXFileReference; lastKnownFileType = sourcecode.swift; path = Article.swift; sourceTree = "<group>"; };
		4E37B7C6239AC6D000087E03 /* ArticleViewModel.swift */ = {isa = PBXFileReference; lastKnownFileType = sourcecode.swift; path = ArticleViewModel.swift; sourceTree = "<group>"; };
		4E37B7C8239AC9D400087E03 /* ArticleListViewController.swift */ = {isa = PBXFileReference; lastKnownFileType = sourcecode.swift; path = ArticleListViewController.swift; sourceTree = "<group>"; };
		4E37B7CA239ACA7200087E03 /* ArticleListViewModel.swift */ = {isa = PBXFileReference; lastKnownFileType = sourcecode.swift; path = ArticleListViewModel.swift; sourceTree = "<group>"; };
		4E37B7CC239ACCE700087E03 /* ArticleService.swift */ = {isa = PBXFileReference; lastKnownFileType = sourcecode.swift; path = ArticleService.swift; sourceTree = "<group>"; };
		4E37B7CF239AD76800087E03 /* ArticleCell.swift */ = {isa = PBXFileReference; lastKnownFileType = sourcecode.swift; path = ArticleCell.swift; sourceTree = "<group>"; };
		4E37B7D2239AE65D00087E03 /* ArticleDetailViewController.swift */ = {isa = PBXFileReference; lastKnownFileType = sourcecode.swift; path = ArticleDetailViewController.swift; sourceTree = "<group>"; };
		4E37B7D4239AE67E00087E03 /* ArticleDetailViewModel.swift */ = {isa = PBXFileReference; lastKnownFileType = sourcecode.swift; path = ArticleDetailViewModel.swift; sourceTree = "<group>"; };
		4E53C37A239A0907008A28D8 /* XebiaTest.app */ = {isa = PBXFileReference; explicitFileType = wrapper.application; includeInIndex = 0; path = XebiaTest.app; sourceTree = BUILT_PRODUCTS_DIR; };
		4E53C37D239A0908008A28D8 /* AppDelegate.swift */ = {isa = PBXFileReference; lastKnownFileType = sourcecode.swift; path = AppDelegate.swift; sourceTree = "<group>"; };
		4E53C37F239A0908008A28D8 /* SceneDelegate.swift */ = {isa = PBXFileReference; lastKnownFileType = sourcecode.swift; path = SceneDelegate.swift; sourceTree = "<group>"; };
		4E53C384239A0908008A28D8 /* Base */ = {isa = PBXFileReference; lastKnownFileType = file.storyboard; name = Base; path = Base.lproj/Main.storyboard; sourceTree = "<group>"; };
		4E53C386239A090E008A28D8 /* Assets.xcassets */ = {isa = PBXFileReference; lastKnownFileType = folder.assetcatalog; path = Assets.xcassets; sourceTree = "<group>"; };
		4E53C389239A090E008A28D8 /* Base */ = {isa = PBXFileReference; lastKnownFileType = file.storyboard; name = Base; path = Base.lproj/LaunchScreen.storyboard; sourceTree = "<group>"; };
		4E53C38B239A090E008A28D8 /* Info.plist */ = {isa = PBXFileReference; lastKnownFileType = text.plist.xml; path = Info.plist; sourceTree = "<group>"; };
		4E53C390239A090E008A28D8 /* XebiaTestTests.xctest */ = {isa = PBXFileReference; explicitFileType = wrapper.cfbundle; includeInIndex = 0; path = XebiaTestTests.xctest; sourceTree = BUILT_PRODUCTS_DIR; };
		4E53C394239A090E008A28D8 /* XebiaTestTests.swift */ = {isa = PBXFileReference; lastKnownFileType = sourcecode.swift; path = XebiaTestTests.swift; sourceTree = "<group>"; };
		4E53C396239A090E008A28D8 /* Info.plist */ = {isa = PBXFileReference; lastKnownFileType = text.plist.xml; path = Info.plist; sourceTree = "<group>"; };
		4E53C39B239A090E008A28D8 /* XebiaTestUITests.xctest */ = {isa = PBXFileReference; explicitFileType = wrapper.cfbundle; includeInIndex = 0; path = XebiaTestUITests.xctest; sourceTree = BUILT_PRODUCTS_DIR; };
		4E53C39F239A090E008A28D8 /* XebiaTestUITests.swift */ = {isa = PBXFileReference; lastKnownFileType = sourcecode.swift; path = XebiaTestUITests.swift; sourceTree = "<group>"; };
		4E53C3A1239A090E008A28D8 /* Info.plist */ = {isa = PBXFileReference; lastKnownFileType = text.plist.xml; path = Info.plist; sourceTree = "<group>"; };
/* End PBXFileReference section */

/* Begin PBXFrameworksBuildPhase section */
		4E53C377239A0907008A28D8 /* Frameworks */ = {
			isa = PBXFrameworksBuildPhase;
			buildActionMask = 2147483647;
			files = (
			);
			runOnlyForDeploymentPostprocessing = 0;
		};
		4E53C38D239A090E008A28D8 /* Frameworks */ = {
			isa = PBXFrameworksBuildPhase;
			buildActionMask = 2147483647;
			files = (
			);
			runOnlyForDeploymentPostprocessing = 0;
		};
		4E53C398239A090E008A28D8 /* Frameworks */ = {
			isa = PBXFrameworksBuildPhase;
			buildActionMask = 2147483647;
			files = (
			);
			runOnlyForDeploymentPostprocessing = 0;
		};
/* End PBXFrameworksBuildPhase section */

/* Begin PBXGroup section */
		4E37B7B9239AAE5600087E03 /* Models */ = {
			isa = PBXGroup;
			children = (
				4E37B7C4239ABEA300087E03 /* Article.swift */,
			);
			path = Models;
			sourceTree = "<group>";
		};
		4E37B7BA239AAE6300087E03 /* ViewModels */ = {
			isa = PBXGroup;
			children = (
				4E37B7C6239AC6D000087E03 /* ArticleViewModel.swift */,
				4E37B7CA239ACA7200087E03 /* ArticleListViewModel.swift */,
				4E37B7D4239AE67E00087E03 /* ArticleDetailViewModel.swift */,
			);
			path = ViewModels;
			sourceTree = "<group>";
		};
		4E37B7BB239AAE6C00087E03 /* Controllers */ = {
			isa = PBXGroup;
			children = (
				4E37B7C8239AC9D400087E03 /* ArticleListViewController.swift */,
				4E37B7D2239AE65D00087E03 /* ArticleDetailViewController.swift */,
			);
			path = Controllers;
			sourceTree = "<group>";
		};
		4E37B7BC239AB0A600087E03 /* Services */ = {
			isa = PBXGroup;
			children = (
				4E37B7BD239AB17800087E03 /* Webservice.swift */,
				4E37B7CC239ACCE700087E03 /* ArticleService.swift */,
			);
			path = Services;
			sourceTree = "<group>";
		};
		4E37B7BF239AB32900087E03 /* Extensions */ = {
			isa = PBXGroup;
			children = (
				4E37B7C0239AB33D00087E03 /* URL+Extensions.swift */,
			);
			path = Extensions;
			sourceTree = "<group>";
		};
		4E37B7CE239AD73500087E03 /* Cells */ = {
			isa = PBXGroup;
			children = (
				4E37B7CF239AD76800087E03 /* ArticleCell.swift */,
			);
			path = Cells;
			sourceTree = "<group>";
		};
		4E53C371239A0907008A28D8 = {
			isa = PBXGroup;
			children = (
				4E53C37C239A0908008A28D8 /* XebiaTest */,
				4E53C393239A090E008A28D8 /* XebiaTestTests */,
				4E53C39E239A090E008A28D8 /* XebiaTestUITests */,
				4E53C37B239A0908008A28D8 /* Products */,
			);
			sourceTree = "<group>";
		};
		4E53C37B239A0908008A28D8 /* Products */ = {
			isa = PBXGroup;
			children = (
				4E53C37A239A0907008A28D8 /* XebiaTest.app */,
				4E53C390239A090E008A28D8 /* XebiaTestTests.xctest */,
				4E53C39B239A090E008A28D8 /* XebiaTestUITests.xctest */,
			);
			name = Products;
			sourceTree = "<group>";
		};
		4E53C37C239A0908008A28D8 /* XebiaTest */ = {
			isa = PBXGroup;
			children = (
				4E37B7CE239AD73500087E03 /* Cells */,
				4E37B7BF239AB32900087E03 /* Extensions */,
				4E37B7BC239AB0A600087E03 /* Services */,
				4E37B7BB239AAE6C00087E03 /* Controllers */,
				4E37B7BA239AAE6300087E03 /* ViewModels */,
				4E37B7B9239AAE5600087E03 /* Models */,
				4E53C37D239A0908008A28D8 /* AppDelegate.swift */,
				4E53C37F239A0908008A28D8 /* SceneDelegate.swift */,
				4E53C383239A0908008A28D8 /* Main.storyboard */,
				4E53C386239A090E008A28D8 /* Assets.xcassets */,
				4E53C388239A090E008A28D8 /* LaunchScreen.storyboard */,
				4E53C38B239A090E008A28D8 /* Info.plist */,
			);
			path = XebiaTest;
			sourceTree = "<group>";
		};
		4E53C393239A090E008A28D8 /* XebiaTestTests */ = {
			isa = PBXGroup;
			children = (
				4E53C394239A090E008A28D8 /* XebiaTestTests.swift */,
				4E53C396239A090E008A28D8 /* Info.plist */,
			);
			path = XebiaTestTests;
			sourceTree = "<group>";
		};
		4E53C39E239A090E008A28D8 /* XebiaTestUITests */ = {
			isa = PBXGroup;
			children = (
				4E53C39F239A090E008A28D8 /* XebiaTestUITests.swift */,
				4E53C3A1239A090E008A28D8 /* Info.plist */,
			);
			path = XebiaTestUITests;
			sourceTree = "<group>";
		};
/* End PBXGroup section */

/* Begin PBXNativeTarget section */
		4E53C379239A0907008A28D8 /* XebiaTest */ = {
			isa = PBXNativeTarget;
			buildConfigurationList = 4E53C3A4239A090E008A28D8 /* Build configuration list for PBXNativeTarget "XebiaTest" */;
			buildPhases = (
				4E53C376239A0907008A28D8 /* Sources */,
				4E53C377239A0907008A28D8 /* Frameworks */,
				4E53C378239A0907008A28D8 /* Resources */,
				4E37B7D1239AE3FE00087E03 /* ShellScript */,
			);
			buildRules = (
			);
			dependencies = (
			);
			name = XebiaTest;
			productName = XebiaTest;
			productReference = 4E53C37A239A0907008A28D8 /* XebiaTest.app */;
			productType = "com.apple.product-type.application";
		};
		4E53C38F239A090E008A28D8 /* XebiaTestTests */ = {
			isa = PBXNativeTarget;
			buildConfigurationList = 4E53C3A7239A090E008A28D8 /* Build configuration list for PBXNativeTarget "XebiaTestTests" */;
			buildPhases = (
				4E53C38C239A090E008A28D8 /* Sources */,
				4E53C38D239A090E008A28D8 /* Frameworks */,
				4E53C38E239A090E008A28D8 /* Resources */,
			);
			buildRules = (
			);
			dependencies = (
				4E53C392239A090E008A28D8 /* PBXTargetDependency */,
			);
			name = XebiaTestTests;
			productName = XebiaTestTests;
			productReference = 4E53C390239A090E008A28D8 /* XebiaTestTests.xctest */;
			productType = "com.apple.product-type.bundle.unit-test";
		};
		4E53C39A239A090E008A28D8 /* XebiaTestUITests */ = {
			isa = PBXNativeTarget;
			buildConfigurationList = 4E53C3AA239A090E008A28D8 /* Build configuration list for PBXNativeTarget "XebiaTestUITests" */;
			buildPhases = (
				4E53C397239A090E008A28D8 /* Sources */,
				4E53C398239A090E008A28D8 /* Frameworks */,
				4E53C399239A090E008A28D8 /* Resources */,
			);
			buildRules = (
			);
			dependencies = (
				4E53C39D239A090E008A28D8 /* PBXTargetDependency */,
			);
			name = XebiaTestUITests;
			productName = XebiaTestUITests;
			productReference = 4E53C39B239A090E008A28D8 /* XebiaTestUITests.xctest */;
			productType = "com.apple.product-type.bundle.ui-testing";
		};
/* End PBXNativeTarget section */

/* Begin PBXProject section */
		4E53C372239A0907008A28D8 /* Project object */ = {
			isa = PBXProject;
			attributes = {
				LastSwiftUpdateCheck = 1120;
				LastUpgradeCheck = 1120;
				ORGANIZATIONNAME = "Vikas Kumar";
				TargetAttributes = {
					4E53C379239A0907008A28D8 = {
						CreatedOnToolsVersion = 11.2.1;
					};
					4E53C38F239A090E008A28D8 = {
						CreatedOnToolsVersion = 11.2.1;
						TestTargetID = 4E53C379239A0907008A28D8;
					};
					4E53C39A239A090E008A28D8 = {
						CreatedOnToolsVersion = 11.2.1;
						TestTargetID = 4E53C379239A0907008A28D8;
					};
				};
			};
			buildConfigurationList = 4E53C375239A0907008A28D8 /* Build configuration list for PBXProject "XebiaTest" */;
			compatibilityVersion = "Xcode 9.3";
			developmentRegion = en;
			hasScannedForEncodings = 0;
			knownRegions = (
				en,
				Base,
			);
			mainGroup = 4E53C371239A0907008A28D8;
			productRefGroup = 4E53C37B239A0908008A28D8 /* Products */;
			projectDirPath = "";
			projectRoot = "";
			targets = (
				4E53C379239A0907008A28D8 /* XebiaTest */,
				4E53C38F239A090E008A28D8 /* XebiaTestTests */,
				4E53C39A239A090E008A28D8 /* XebiaTestUITests */,
			);
		};
/* End PBXProject section */

/* Begin PBXResourcesBuildPhase section */
		4E53C378239A0907008A28D8 /* Resources */ = {
			isa = PBXResourcesBuildPhase;
			buildActionMask = 2147483647;
			files = (
				4E53C38A239A090E008A28D8 /* LaunchScreen.storyboard in Resources */,
				4E53C387239A090E008A28D8 /* Assets.xcassets in Resources */,
				4E53C385239A0908008A28D8 /* Main.storyboard in Resources */,
			);
			runOnlyForDeploymentPostprocessing = 0;
		};
		4E53C38E239A090E008A28D8 /* Resources */ = {
			isa = PBXResourcesBuildPhase;
			buildActionMask = 2147483647;
			files = (
			);
			runOnlyForDeploymentPostprocessing = 0;
		};
		4E53C399239A090E008A28D8 /* Resources */ = {
			isa = PBXResourcesBuildPhase;
			buildActionMask = 2147483647;
			files = (
			);
			runOnlyForDeploymentPostprocessing = 0;
		};
/* End PBXResourcesBuildPhase section */

/* Begin PBXShellScriptBuildPhase section */
		4E37B7D1239AE3FE00087E03 /* ShellScript */ = {
			isa = PBXShellScriptBuildPhase;
			buildActionMask = 2147483647;
			files = (
			);
			inputFileListPaths = (
			);
			inputPaths = (
			);
			outputFileListPaths = (
			);
			outputPaths = (
			);
			runOnlyForDeploymentPostprocessing = 0;
			shellPath = /bin/sh;
			shellScript = "if which swiftlint >/dev/null; then\n  swiftlint\nelse\n  echo \"warning: SwiftLint not installed, download from https://github.com/realm/SwiftLint\"\nfi\n";
		};
/* End PBXShellScriptBuildPhase section */

/* Begin PBXSourcesBuildPhase section */
		4E53C376239A0907008A28D8 /* Sources */ = {
			isa = PBXSourcesBuildPhase;
			buildActionMask = 2147483647;
			files = (
				4E37B7C5239ABEA300087E03 /* Article.swift in Sources */,
				4E37B7C7239AC6D000087E03 /* ArticleViewModel.swift in Sources */,
				4E37B7D3239AE65D00087E03 /* ArticleDetailViewController.swift in Sources */,
				4E53C37E239A0908008A28D8 /* AppDelegate.swift in Sources */,
				4E37B7C1239AB33D00087E03 /* URL+Extensions.swift in Sources */,
				4E37B7BE239AB17800087E03 /* Webservice.swift in Sources */,
				4E37B7D5239AE67E00087E03 /* ArticleDetailViewModel.swift in Sources */,
				4E37B7C9239AC9D400087E03 /* ArticleListViewController.swift in Sources */,
				4E37B7D0239AD76800087E03 /* ArticleCell.swift in Sources */,
				4E53C380239A0908008A28D8 /* SceneDelegate.swift in Sources */,
				4E37B7CD239ACCE700087E03 /* ArticleService.swift in Sources */,
				4E37B7CB239ACA7200087E03 /* ArticleListViewModel.swift in Sources */,
			);
			runOnlyForDeploymentPostprocessing = 0;
		};
		4E53C38C239A090E008A28D8 /* Sources */ = {
			isa = PBXSourcesBuildPhase;
			buildActionMask = 2147483647;
			files = (
				4E53C395239A090E008A28D8 /* XebiaTestTests.swift in Sources */,
			);
			runOnlyForDeploymentPostprocessing = 0;
		};
		4E53C397239A090E008A28D8 /* Sources */ = {
			isa = PBXSourcesBuildPhase;
			buildActionMask = 2147483647;
			files = (
				4E53C3A0239A090E008A28D8 /* XebiaTestUITests.swift in Sources */,
			);
			runOnlyForDeploymentPostprocessing = 0;
		};
/* End PBXSourcesBuildPhase section */

/* Begin PBXTargetDependency section */
		4E53C392239A090E008A28D8 /* PBXTargetDependency */ = {
			isa = PBXTargetDependency;
			target = 4E53C379239A0907008A28D8 /* XebiaTest */;
			targetProxy = 4E53C391239A090E008A28D8 /* PBXContainerItemProxy */;
		};
		4E53C39D239A090E008A28D8 /* PBXTargetDependency */ = {
			isa = PBXTargetDependency;
			target = 4E53C379239A0907008A28D8 /* XebiaTest */;
			targetProxy = 4E53C39C239A090E008A28D8 /* PBXContainerItemProxy */;
		};
/* End PBXTargetDependency section */

/* Begin PBXVariantGroup section */
		4E53C383239A0908008A28D8 /* Main.storyboard */ = {
			isa = PBXVariantGroup;
			children = (
				4E53C384239A0908008A28D8 /* Base */,
			);
			name = Main.storyboard;
			sourceTree = "<group>";
		};
		4E53C388239A090E008A28D8 /* LaunchScreen.storyboard */ = {
			isa = PBXVariantGroup;
			children = (
				4E53C389239A090E008A28D8 /* Base */,
			);
			name = LaunchScreen.storyboard;
			sourceTree = "<group>";
		};
/* End PBXVariantGroup section */

/* Begin XCBuildConfiguration section */
		4E53C3A2239A090E008A28D8 /* Debug */ = {
			isa = XCBuildConfiguration;
			buildSettings = {
				ALWAYS_SEARCH_USER_PATHS = NO;
				CLANG_ANALYZER_NONNULL = YES;
				CLANG_ANALYZER_NUMBER_OBJECT_CONVERSION = YES_AGGRESSIVE;
				CLANG_CXX_LANGUAGE_STANDARD = "gnu++14";
				CLANG_CXX_LIBRARY = "libc++";
				CLANG_ENABLE_MODULES = YES;
				CLANG_ENABLE_OBJC_ARC = YES;
				CLANG_ENABLE_OBJC_WEAK = YES;
				CLANG_WARN_BLOCK_CAPTURE_AUTORELEASING = YES;
				CLANG_WARN_BOOL_CONVERSION = YES;
				CLANG_WARN_COMMA = YES;
				CLANG_WARN_CONSTANT_CONVERSION = YES;
				CLANG_WARN_DEPRECATED_OBJC_IMPLEMENTATIONS = YES;
				CLANG_WARN_DIRECT_OBJC_ISA_USAGE = YES_ERROR;
				CLANG_WARN_DOCUMENTATION_COMMENTS = YES;
				CLANG_WARN_EMPTY_BODY = YES;
				CLANG_WARN_ENUM_CONVERSION = YES;
				CLANG_WARN_INFINITE_RECURSION = YES;
				CLANG_WARN_INT_CONVERSION = YES;
				CLANG_WARN_NON_LITERAL_NULL_CONVERSION = YES;
				CLANG_WARN_OBJC_IMPLICIT_RETAIN_SELF = YES;
				CLANG_WARN_OBJC_LITERAL_CONVERSION = YES;
				CLANG_WARN_OBJC_ROOT_CLASS = YES_ERROR;
				CLANG_WARN_RANGE_LOOP_ANALYSIS = YES;
				CLANG_WARN_STRICT_PROTOTYPES = YES;
				CLANG_WARN_SUSPICIOUS_MOVE = YES;
				CLANG_WARN_UNGUARDED_AVAILABILITY = YES_AGGRESSIVE;
				CLANG_WARN_UNREACHABLE_CODE = YES;
				CLANG_WARN__DUPLICATE_METHOD_MATCH = YES;
				COPY_PHASE_STRIP = NO;
				DEBUG_INFORMATION_FORMAT = dwarf;
				ENABLE_STRICT_OBJC_MSGSEND = YES;
				ENABLE_TESTABILITY = YES;
				GCC_C_LANGUAGE_STANDARD = gnu11;
				GCC_DYNAMIC_NO_PIC = NO;
				GCC_NO_COMMON_BLOCKS = YES;
				GCC_OPTIMIZATION_LEVEL = 0;
				GCC_PREPROCESSOR_DEFINITIONS = (
					"DEBUG=1",
					"$(inherited)",
				);
				GCC_WARN_64_TO_32_BIT_CONVERSION = YES;
				GCC_WARN_ABOUT_RETURN_TYPE = YES_ERROR;
				GCC_WARN_UNDECLARED_SELECTOR = YES;
				GCC_WARN_UNINITIALIZED_AUTOS = YES_AGGRESSIVE;
				GCC_WARN_UNUSED_FUNCTION = YES;
				GCC_WARN_UNUSED_VARIABLE = YES;
				IPHONEOS_DEPLOYMENT_TARGET = 13.2;
				MTL_ENABLE_DEBUG_INFO = INCLUDE_SOURCE;
				MTL_FAST_MATH = YES;
				ONLY_ACTIVE_ARCH = YES;
				SDKROOT = iphoneos;
				SWIFT_ACTIVE_COMPILATION_CONDITIONS = DEBUG;
				SWIFT_OPTIMIZATION_LEVEL = "-Onone";
			};
			name = Debug;
		};
		4E53C3A3239A090E008A28D8 /* Release */ = {
			isa = XCBuildConfiguration;
			buildSettings = {
				ALWAYS_SEARCH_USER_PATHS = NO;
				CLANG_ANALYZER_NONNULL = YES;
				CLANG_ANALYZER_NUMBER_OBJECT_CONVERSION = YES_AGGRESSIVE;
				CLANG_CXX_LANGUAGE_STANDARD = "gnu++14";
				CLANG_CXX_LIBRARY = "libc++";
				CLANG_ENABLE_MODULES = YES;
				CLANG_ENABLE_OBJC_ARC = YES;
				CLANG_ENABLE_OBJC_WEAK = YES;
				CLANG_WARN_BLOCK_CAPTURE_AUTORELEASING = YES;
				CLANG_WARN_BOOL_CONVERSION = YES;
				CLANG_WARN_COMMA = YES;
				CLANG_WARN_CONSTANT_CONVERSION = YES;
				CLANG_WARN_DEPRECATED_OBJC_IMPLEMENTATIONS = YES;
				CLANG_WARN_DIRECT_OBJC_ISA_USAGE = YES_ERROR;
				CLANG_WARN_DOCUMENTATION_COMMENTS = YES;
				CLANG_WARN_EMPTY_BODY = YES;
				CLANG_WARN_ENUM_CONVERSION = YES;
				CLANG_WARN_INFINITE_RECURSION = YES;
				CLANG_WARN_INT_CONVERSION = YES;
				CLANG_WARN_NON_LITERAL_NULL_CONVERSION = YES;
				CLANG_WARN_OBJC_IMPLICIT_RETAIN_SELF = YES;
				CLANG_WARN_OBJC_LITERAL_CONVERSION = YES;
				CLANG_WARN_OBJC_ROOT_CLASS = YES_ERROR;
				CLANG_WARN_RANGE_LOOP_ANALYSIS = YES;
				CLANG_WARN_STRICT_PROTOTYPES = YES;
				CLANG_WARN_SUSPICIOUS_MOVE = YES;
				CLANG_WARN_UNGUARDED_AVAILABILITY = YES_AGGRESSIVE;
				CLANG_WARN_UNREACHABLE_CODE = YES;
				CLANG_WARN__DUPLICATE_METHOD_MATCH = YES;
				COPY_PHASE_STRIP = NO;
				DEBUG_INFORMATION_FORMAT = "dwarf-with-dsym";
				ENABLE_NS_ASSERTIONS = NO;
				ENABLE_STRICT_OBJC_MSGSEND = YES;
				GCC_C_LANGUAGE_STANDARD = gnu11;
				GCC_NO_COMMON_BLOCKS = YES;
				GCC_WARN_64_TO_32_BIT_CONVERSION = YES;
				GCC_WARN_ABOUT_RETURN_TYPE = YES_ERROR;
				GCC_WARN_UNDECLARED_SELECTOR = YES;
				GCC_WARN_UNINITIALIZED_AUTOS = YES_AGGRESSIVE;
				GCC_WARN_UNUSED_FUNCTION = YES;
				GCC_WARN_UNUSED_VARIABLE = YES;
				IPHONEOS_DEPLOYMENT_TARGET = 13.2;
				MTL_ENABLE_DEBUG_INFO = NO;
				MTL_FAST_MATH = YES;
				SDKROOT = iphoneos;
				SWIFT_COMPILATION_MODE = wholemodule;
				SWIFT_OPTIMIZATION_LEVEL = "-O";
				VALIDATE_PRODUCT = YES;
			};
			name = Release;
		};
		4E53C3A5239A090E008A28D8 /* Debug */ = {
			isa = XCBuildConfiguration;
			buildSettings = {
				ASSETCATALOG_COMPILER_APPICON_NAME = AppIcon;
				CODE_SIGN_STYLE = Automatic;
				INFOPLIST_FILE = XebiaTest/Info.plist;
				IPHONEOS_DEPLOYMENT_TARGET = 11.0;
				LD_RUNPATH_SEARCH_PATHS = (
					"$(inherited)",
					"@executable_path/Frameworks",
				);
				PRODUCT_BUNDLE_IDENTIFIER = "Vikas-Kumar.XebiaTest";
				PRODUCT_NAME = "$(TARGET_NAME)";
				SWIFT_VERSION = 5.0;
				TARGETED_DEVICE_FAMILY = "1,2";
			};
			name = Debug;
		};
		4E53C3A6239A090E008A28D8 /* Release */ = {
			isa = XCBuildConfiguration;
			buildSettings = {
				ASSETCATALOG_COMPILER_APPICON_NAME = AppIcon;
				CODE_SIGN_STYLE = Automatic;
				INFOPLIST_FILE = XebiaTest/Info.plist;
				IPHONEOS_DEPLOYMENT_TARGET = 11.0;
				LD_RUNPATH_SEARCH_PATHS = (
					"$(inherited)",
					"@executable_path/Frameworks",
				);
				PRODUCT_BUNDLE_IDENTIFIER = "Vikas-Kumar.XebiaTest";
				PRODUCT_NAME = "$(TARGET_NAME)";
				SWIFT_VERSION = 5.0;
				TARGETED_DEVICE_FAMILY = "1,2";
			};
			name = Release;
		};
		4E53C3A8239A090E008A28D8 /* Debug */ = {
			isa = XCBuildConfiguration;
			buildSettings = {
				ALWAYS_EMBED_SWIFT_STANDARD_LIBRARIES = YES;
				BUNDLE_LOADER = "$(TEST_HOST)";
				CODE_SIGN_STYLE = Automatic;
				INFOPLIST_FILE = XebiaTestTests/Info.plist;
				IPHONEOS_DEPLOYMENT_TARGET = 13.2;
				LD_RUNPATH_SEARCH_PATHS = (
					"$(inherited)",
					"@executable_path/Frameworks",
					"@loader_path/Frameworks",
				);
				PRODUCT_BUNDLE_IDENTIFIER = "Vikas-Kumar.XebiaTestTests";
				PRODUCT_NAME = "$(TARGET_NAME)";
				SWIFT_VERSION = 5.0;
				TARGETED_DEVICE_FAMILY = "1,2";
				TEST_HOST = "$(BUILT_PRODUCTS_DIR)/XebiaTest.app/XebiaTest";
			};
			name = Debug;
		};
		4E53C3A9239A090E008A28D8 /* Release */ = {
			isa = XCBuildConfiguration;
			buildSettings = {
				ALWAYS_EMBED_SWIFT_STANDARD_LIBRARIES = YES;
				BUNDLE_LOADER = "$(TEST_HOST)";
				CODE_SIGN_STYLE = Automatic;
				INFOPLIST_FILE = XebiaTestTests/Info.plist;
				IPHONEOS_DEPLOYMENT_TARGET = 13.2;
				LD_RUNPATH_SEARCH_PATHS = (
					"$(inherited)",
					"@executable_path/Frameworks",
					"@loader_path/Frameworks",
				);
				PRODUCT_BUNDLE_IDENTIFIER = "Vikas-Kumar.XebiaTestTests";
				PRODUCT_NAME = "$(TARGET_NAME)";
				SWIFT_VERSION = 5.0;
				TARGETED_DEVICE_FAMILY = "1,2";
				TEST_HOST = "$(BUILT_PRODUCTS_DIR)/XebiaTest.app/XebiaTest";
			};
			name = Release;
		};
		4E53C3AB239A090E008A28D8 /* Debug */ = {
			isa = XCBuildConfiguration;
			buildSettings = {
				ALWAYS_EMBED_SWIFT_STANDARD_LIBRARIES = YES;
				CODE_SIGN_STYLE = Automatic;
				INFOPLIST_FILE = XebiaTestUITests/Info.plist;
				LD_RUNPATH_SEARCH_PATHS = (
					"$(inherited)",
					"@executable_path/Frameworks",
					"@loader_path/Frameworks",
				);
				PRODUCT_BUNDLE_IDENTIFIER = "Vikas-Kumar.XebiaTestUITests";
				PRODUCT_NAME = "$(TARGET_NAME)";
				SWIFT_VERSION = 5.0;
				TARGETED_DEVICE_FAMILY = "1,2";
				TEST_TARGET_NAME = XebiaTest;
			};
			name = Debug;
		};
		4E53C3AC239A090E008A28D8 /* Release */ = {
			isa = XCBuildConfiguration;
			buildSettings = {
				ALWAYS_EMBED_SWIFT_STANDARD_LIBRARIES = YES;
				CODE_SIGN_STYLE = Automatic;
				INFOPLIST_FILE = XebiaTestUITests/Info.plist;
				LD_RUNPATH_SEARCH_PATHS = (
					"$(inherited)",
					"@executable_path/Frameworks",
					"@loader_path/Frameworks",
				);
				PRODUCT_BUNDLE_IDENTIFIER = "Vikas-Kumar.XebiaTestUITests";
				PRODUCT_NAME = "$(TARGET_NAME)";
				SWIFT_VERSION = 5.0;
				TARGETED_DEVICE_FAMILY = "1,2";
				TEST_TARGET_NAME = XebiaTest;
			};
			name = Release;
		};
/* End XCBuildConfiguration section */

/* Begin XCConfigurationList section */
		4E53C375239A0907008A28D8 /* Build configuration list for PBXProject "XebiaTest" */ = {
			isa = XCConfigurationList;
			buildConfigurations = (
				4E53C3A2239A090E008A28D8 /* Debug */,
				4E53C3A3239A090E008A28D8 /* Release */,
			);
			defaultConfigurationIsVisible = 0;
			defaultConfigurationName = Release;
		};
		4E53C3A4239A090E008A28D8 /* Build configuration list for PBXNativeTarget "XebiaTest" */ = {
			isa = XCConfigurationList;
			buildConfigurations = (
				4E53C3A5239A090E008A28D8 /* Debug */,
				4E53C3A6239A090E008A28D8 /* Release */,
			);
			defaultConfigurationIsVisible = 0;
			defaultConfigurationName = Release;
		};
		4E53C3A7239A090E008A28D8 /* Build configuration list for PBXNativeTarget "XebiaTestTests" */ = {
			isa = XCConfigurationList;
			buildConfigurations = (
				4E53C3A8239A090E008A28D8 /* Debug */,
				4E53C3A9239A090E008A28D8 /* Release */,
			);
			defaultConfigurationIsVisible = 0;
			defaultConfigurationName = Release;
		};
		4E53C3AA239A090E008A28D8 /* Build configuration list for PBXNativeTarget "XebiaTestUITests" */ = {
			isa = XCConfigurationList;
			buildConfigurations = (
				4E53C3AB239A090E008A28D8 /* Debug */,
				4E53C3AC239A090E008A28D8 /* Release */,
			);
			defaultConfigurationIsVisible = 0;
			defaultConfigurationName = Release;
		};
/* End XCConfigurationList section */
	};
	rootObject = 4E53C372239A0907008A28D8 /* Project object */;
}
